// !$*UTF8*$!
{
	archiveVersion = 1;
	classes = {
	};
	objectVersion = 46;
	objects = {

/* Begin PBXBuildFile section */
		E72BEFF01BD048DB00E242C2 /* ContentViewController.swift in Sources */ = {isa = PBXBuildFile; fileRef = E72BEFEF1BD048DB00E242C2 /* ContentViewController.swift */; settings = {ASSET_TAGS = (); }; };
		E7613A9B1BC65C6A0008E9D9 /* AppDelegate.swift in Sources */ = {isa = PBXBuildFile; fileRef = E7613A9A1BC65C6A0008E9D9 /* AppDelegate.swift */; };
		E7613A9D1BC65C6A0008E9D9 /* ViewController.swift in Sources */ = {isa = PBXBuildFile; fileRef = E7613A9C1BC65C6A0008E9D9 /* ViewController.swift */; };
		E7613AA01BC65C6A0008E9D9 /* Main.storyboard in Resources */ = {isa = PBXBuildFile; fileRef = E7613A9E1BC65C6A0008E9D9 /* Main.storyboard */; };
		E7613AA31BC65C6A0008E9D9 /* Game_List.xcdatamodeld in Sources */ = {isa = PBXBuildFile; fileRef = E7613AA11BC65C6A0008E9D9 /* Game_List.xcdatamodeld */; };
		E7613AA51BC65C6A0008E9D9 /* Assets.xcassets in Resources */ = {isa = PBXBuildFile; fileRef = E7613AA41BC65C6A0008E9D9 /* Assets.xcassets */; };
		E7613AA81BC65C6A0008E9D9 /* LaunchScreen.storyboard in Resources */ = {isa = PBXBuildFile; fileRef = E7613AA61BC65C6A0008E9D9 /* LaunchScreen.storyboard */; };
		F546F5881BD8E86C00364D59 /* TableViewController.swift in Sources */ = {isa = PBXBuildFile; fileRef = F546F5871BD8E86C00364D59 /* TableViewController.swift */; settings = {ASSET_TAGS = (); }; };
		F546F58A1BD8E88700364D59 /* TableViewControllerGroup.swift in Sources */ = {isa = PBXBuildFile; fileRef = F546F5891BD8E88700364D59 /* TableViewControllerGroup.swift */; settings = {ASSET_TAGS = (); }; };
		F546F58C1BD8E8A000364D59 /* TableViewControllerGroups.swift in Sources */ = {isa = PBXBuildFile; fileRef = F546F58B1BD8E8A000364D59 /* TableViewControllerGroups.swift */; settings = {ASSET_TAGS = (); }; };
		F546F58E1BD8F04600364D59 /* admin.swift in Sources */ = {isa = PBXBuildFile; fileRef = F546F58D1BD8F04600364D59 /* admin.swift */; settings = {ASSET_TAGS = (); }; };
		F58D69CF1BD125B100FD0599 /* game.swift in Sources */ = {isa = PBXBuildFile; fileRef = F58D69CE1BD125B100FD0599 /* game.swift */; settings = {ASSET_TAGS = (); }; };
		F58D69D11BD125BC00FD0599 /* person.swift in Sources */ = {isa = PBXBuildFile; fileRef = F58D69D01BD125BC00FD0599 /* person.swift */; settings = {ASSET_TAGS = (); }; };
		F58D69D31BD125C600FD0599 /* group.swift in Sources */ = {isa = PBXBuildFile; fileRef = F58D69D21BD125C600FD0599 /* group.swift */; settings = {ASSET_TAGS = (); }; };
/* End PBXBuildFile section */

/* Begin PBXFileReference section */
		E72BEFEF1BD048DB00E242C2 /* ContentViewController.swift */ = {isa = PBXFileReference; fileEncoding = 4; lastKnownFileType = sourcecode.swift; path = ContentViewController.swift; sourceTree = "<group>"; };
		E7613A971BC65C6A0008E9D9 /* Game List.app */ = {isa = PBXFileReference; explicitFileType = wrapper.application; includeInIndex = 0; path = "Game List.app"; sourceTree = BUILT_PRODUCTS_DIR; };
		E7613A9A1BC65C6A0008E9D9 /* AppDelegate.swift */ = {isa = PBXFileReference; lastKnownFileType = sourcecode.swift; path = AppDelegate.swift; sourceTree = "<group>"; };
		E7613A9C1BC65C6A0008E9D9 /* ViewController.swift */ = {isa = PBXFileReference; lastKnownFileType = sourcecode.swift; path = ViewController.swift; sourceTree = "<group>"; };
		E7613A9F1BC65C6A0008E9D9 /* Base */ = {isa = PBXFileReference; lastKnownFileType = file.storyboard; name = Base; path = Base.lproj/Main.storyboard; sourceTree = "<group>"; };
		E7613AA21BC65C6A0008E9D9 /* Game_List.xcdatamodel */ = {isa = PBXFileReference; lastKnownFileType = wrapper.xcdatamodel; path = Game_List.xcdatamodel; sourceTree = "<group>"; };
		E7613AA41BC65C6A0008E9D9 /* Assets.xcassets */ = {isa = PBXFileReference; lastKnownFileType = folder.assetcatalog; path = Assets.xcassets; sourceTree = "<group>"; };
		E7613AA71BC65C6A0008E9D9 /* Base */ = {isa = PBXFileReference; lastKnownFileType = file.storyboard; name = Base; path = Base.lproj/LaunchScreen.storyboard; sourceTree = "<group>"; };
		E7613AA91BC65C6A0008E9D9 /* Info.plist */ = {isa = PBXFileReference; lastKnownFileType = text.plist.xml; path = Info.plist; sourceTree = "<group>"; };
		F546F5871BD8E86C00364D59 /* TableViewController.swift */ = {isa = PBXFileReference; fileEncoding = 4; lastKnownFileType = sourcecode.swift; name = TableViewController.swift; path = ../TableViewController.swift; sourceTree = "<group>"; };
		F546F5891BD8E88700364D59 /* TableViewControllerGroup.swift */ = {isa = PBXFileReference; fileEncoding = 4; lastKnownFileType = sourcecode.swift; name = TableViewControllerGroup.swift; path = ../TableViewControllerGroup.swift; sourceTree = "<group>"; };
		F546F58B1BD8E8A000364D59 /* TableViewControllerGroups.swift */ = {isa = PBXFileReference; fileEncoding = 4; lastKnownFileType = sourcecode.swift; name = TableViewControllerGroups.swift; path = ../TableViewControllerGroups.swift; sourceTree = "<group>"; };
		F546F58D1BD8F04600364D59 /* admin.swift */ = {isa = PBXFileReference; fileEncoding = 4; lastKnownFileType = sourcecode.swift; name = admin.swift; path = ../admin.swift; sourceTree = "<group>"; };
		F58D69CE1BD125B100FD0599 /* game.swift */ = {isa = PBXFileReference; fileEncoding = 4; lastKnownFileType = sourcecode.swift; name = game.swift; path = ../game.swift; sourceTree = "<group>"; };
		F58D69D01BD125BC00FD0599 /* person.swift */ = {isa = PBXFileReference; fileEncoding = 4; lastKnownFileType = sourcecode.swift; name = person.swift; path = ../person.swift; sourceTree = "<group>"; };
		F58D69D21BD125C600FD0599 /* group.swift */ = {isa = PBXFileReference; fileEncoding = 4; lastKnownFileType = sourcecode.swift; name = group.swift; path = ../group.swift; sourceTree = "<group>"; };
/* End PBXFileReference section */

/* Begin PBXFrameworksBuildPhase section */
		E7613A941BC65C6A0008E9D9 /* Frameworks */ = {
			isa = PBXFrameworksBuildPhase;
			buildActionMask = 2147483647;
			files = (
			);
			runOnlyForDeploymentPostprocessing = 0;
		};
/* End PBXFrameworksBuildPhase section */

/* Begin PBXGroup section */
		E7613A8E1BC65C6A0008E9D9 = {
			isa = PBXGroup;
			children = (
				E7613A991BC65C6A0008E9D9 /* Game List */,
				E7613A981BC65C6A0008E9D9 /* Products */,
			);
			sourceTree = "<group>";
		};
		E7613A981BC65C6A0008E9D9 /* Products */ = {
			isa = PBXGroup;
			children = (
				E7613A971BC65C6A0008E9D9 /* Game List.app */,
			);
			name = Products;
			sourceTree = "<group>";
		};
		E7613A991BC65C6A0008E9D9 /* Game List */ = {
			isa = PBXGroup;
			children = (
				F546F58D1BD8F04600364D59 /* admin.swift */,
				F546F58B1BD8E8A000364D59 /* TableViewControllerGroups.swift */,
				F546F5891BD8E88700364D59 /* TableViewControllerGroup.swift */,
				F546F5871BD8E86C00364D59 /* TableViewController.swift */,
				F58D69D21BD125C600FD0599 /* group.swift */,
				F58D69D01BD125BC00FD0599 /* person.swift */,
				F58D69CE1BD125B100FD0599 /* game.swift */,
				E7613A9A1BC65C6A0008E9D9 /* AppDelegate.swift */,
				E7613A9C1BC65C6A0008E9D9 /* ViewController.swift */,
				E7613A9E1BC65C6A0008E9D9 /* Main.storyboard */,
				E72BEFEF1BD048DB00E242C2 /* ContentViewController.swift */,
				E7613AA41BC65C6A0008E9D9 /* Assets.xcassets */,
				E7613AA61BC65C6A0008E9D9 /* LaunchScreen.storyboard */,
				E7613AA91BC65C6A0008E9D9 /* Info.plist */,
				E7613AA11BC65C6A0008E9D9 /* Game_List.xcdatamodeld */,
			);
			path = "Game List";
			sourceTree = "<group>";
		};
/* End PBXGroup section */

/* Begin PBXNativeTarget section */
		E7613A961BC65C6A0008E9D9 /* Game List */ = {
			isa = PBXNativeTarget;
			buildConfigurationList = E7613AAC1BC65C6A0008E9D9 /* Build configuration list for PBXNativeTarget "Game List" */;
			buildPhases = (
				E7613A931BC65C6A0008E9D9 /* Sources */,
				E7613A941BC65C6A0008E9D9 /* Frameworks */,
				E7613A951BC65C6A0008E9D9 /* Resources */,
			);
			buildRules = (
			);
			dependencies = (
			);
			name = "Game List";
			productName = "Game List";
			productReference = E7613A971BC65C6A0008E9D9 /* Game List.app */;
			productType = "com.apple.product-type.application";
		};
/* End PBXNativeTarget section */

/* Begin PBXProject section */
		E7613A8F1BC65C6A0008E9D9 /* Project object */ = {
			isa = PBXProject;
			attributes = {
				LastUpgradeCheck = 0700;
				ORGANIZATIONNAME = "Akin & Michael";
				TargetAttributes = {
					E7613A961BC65C6A0008E9D9 = {
						CreatedOnToolsVersion = 7.0.1;
					};
				};
			};
			buildConfigurationList = E7613A921BC65C6A0008E9D9 /* Build configuration list for PBXProject "Game List" */;
			compatibilityVersion = "Xcode 3.2";
			developmentRegion = English;
			hasScannedForEncodings = 0;
			knownRegions = (
				en,
				Base,
			);
			mainGroup = E7613A8E1BC65C6A0008E9D9;
			productRefGroup = E7613A981BC65C6A0008E9D9 /* Products */;
			projectDirPath = "";
			projectRoot = "";
			targets = (
				E7613A961BC65C6A0008E9D9 /* Game List */,
			);
		};
/* End PBXProject section */

/* Begin PBXResourcesBuildPhase section */
		E7613A951BC65C6A0008E9D9 /* Resources */ = {
			isa = PBXResourcesBuildPhase;
			buildActionMask = 2147483647;
			files = (
				E7613AA81BC65C6A0008E9D9 /* LaunchScreen.storyboard in Resources */,
				E7613AA51BC65C6A0008E9D9 /* Assets.xcassets in Resources */,
				E7613AA01BC65C6A0008E9D9 /* Main.storyboard in Resources */,
			);
			runOnlyForDeploymentPostprocessing = 0;
		};
/* End PBXResourcesBuildPhase section */

/* Begin PBXSourcesBuildPhase section */
		E7613A931BC65C6A0008E9D9 /* Sources */ = {
			isa = PBXSourcesBuildPhase;
			buildActionMask = 2147483647;
			files = (
				E72BEFF01BD048DB00E242C2 /* ContentViewController.swift in Sources */,
				F546F58C1BD8E8A000364D59 /* TableViewControllerGroups.swift in Sources */,
				E7613AA31BC65C6A0008E9D9 /* Game_List.xcdatamodeld in Sources */,
				F58D69CF1BD125B100FD0599 /* game.swift in Sources */,
				F546F5881BD8E86C00364D59 /* TableViewController.swift in Sources */,
				E7613A9D1BC65C6A0008E9D9 /* ViewController.swift in Sources */,
				F58D69D11BD125BC00FD0599 /* person.swift in Sources */,
				F58D69D31BD125C600FD0599 /* group.swift in Sources */,
				E7613A9B1BC65C6A0008E9D9 /* AppDelegate.swift in Sources */,
				F546F58E1BD8F04600364D59 /* admin.swift in Sources */,
				F546F58A1BD8E88700364D59 /* TableViewControllerGroup.swift in Sources */,
			);
			runOnlyForDeploymentPostprocessing = 0;
		};
/* End PBXSourcesBuildPhase section */

/* Begin PBXVariantGroup section */
		E7613A9E1BC65C6A0008E9D9 /* Main.storyboard */ = {
			isa = PBXVariantGroup;
			children = (
				E7613A9F1BC65C6A0008E9D9 /* Base */,
			);
			name = Main.storyboard;
			sourceTree = "<group>";
		};
		E7613AA61BC65C6A0008E9D9 /* LaunchScreen.storyboard */ = {
			isa = PBXVariantGroup;
			children = (
				E7613AA71BC65C6A0008E9D9 /* Base */,
			);
			name = LaunchScreen.storyboard;
			sourceTree = "<group>";
		};
/* End PBXVariantGroup section */

/* Begin XCBuildConfiguration section */
		E7613AAA1BC65C6A0008E9D9 /* Debug */ = {
			isa = XCBuildConfiguration;
			buildSettings = {
				ALWAYS_SEARCH_USER_PATHS = NO;
				CLANG_CXX_LANGUAGE_STANDARD = "gnu++0x";
				CLANG_CXX_LIBRARY = "libc++";
				CLANG_ENABLE_MODULES = YES;
				CLANG_ENABLE_OBJC_ARC = YES;
				CLANG_WARN_BOOL_CONVERSION = YES;
				CLANG_WARN_CONSTANT_CONVERSION = YES;
				CLANG_WARN_DIRECT_OBJC_ISA_USAGE = YES_ERROR;
				CLANG_WARN_EMPTY_BODY = YES;
				CLANG_WARN_ENUM_CONVERSION = YES;
				CLANG_WARN_INT_CONVERSION = YES;
				CLANG_WARN_OBJC_ROOT_CLASS = YES_ERROR;
				CLANG_WARN_UNREACHABLE_CODE = YES;
				CLANG_WARN__DUPLICATE_METHOD_MATCH = YES;
				"CODE_SIGN_IDENTITY[sdk=iphoneos*]" = "iPhone Developer";
				COPY_PHASE_STRIP = NO;
				DEBUG_INFORMATION_FORMAT = dwarf;
				ENABLE_STRICT_OBJC_MSGSEND = YES;
				ENABLE_TESTABILITY = YES;
				GCC_C_LANGUAGE_STANDARD = gnu99;
				GCC_DYNAMIC_NO_PIC = NO;
				GCC_NO_COMMON_BLOCKS = YES;
				GCC_OPTIMIZATION_LEVEL = 0;
				GCC_PREPROCESSOR_DEFINITIONS = (
					"DEBUG=1",
					"$(inherited)",
				);
				GCC_WARN_64_TO_32_BIT_CONVERSION = YES;
				GCC_WARN_ABOUT_RETURN_TYPE = YES_ERROR;
				GCC_WARN_UNDECLARED_SELECTOR = YES;
				GCC_WARN_UNINITIALIZED_AUTOS = YES_AGGRESSIVE;
				GCC_WARN_UNUSED_FUNCTION = YES;
				GCC_WARN_UNUSED_VARIABLE = YES;
				IPHONEOS_DEPLOYMENT_TARGET = 9.0;
				MTL_ENABLE_DEBUG_INFO = YES;
				ONLY_ACTIVE_ARCH = YES;
				SDKROOT = iphoneos;
				SWIFT_OPTIMIZATION_LEVEL = "-Onone";
			};
			name = Debug;
		};
		E7613AAB1BC65C6A0008E9D9 /* Release */ = {
			isa = XCBuildConfiguration;
			buildSettings = {
				ALWAYS_SEARCH_USER_PATHS = NO;
				CLANG_CXX_LANGUAGE_STANDARD = "gnu++0x";
				CLANG_CXX_LIBRARY = "libc++";
				CLANG_ENABLE_MODULES = YES;
				CLANG_ENABLE_OBJC_ARC = YES;
				CLANG_WARN_BOOL_CONVERSION = YES;
				CLANG_WARN_CONSTANT_CONVERSION = YES;
				CLANG_WARN_DIRECT_OBJC_ISA_USAGE = YES_ERROR;
				CLANG_WARN_EMPTY_BODY = YES;
				CLANG_WARN_ENUM_CONVERSION = YES;
				CLANG_WARN_INT_CONVERSION = YES;
				CLANG_WARN_OBJC_ROOT_CLASS = YES_ERROR;
				CLANG_WARN_UNREACHABLE_CODE = YES;
				CLANG_WARN__DUPLICATE_METHOD_MATCH = YES;
				"CODE_SIGN_IDENTITY[sdk=iphoneos*]" = "iPhone Developer";
				COPY_PHASE_STRIP = NO;
				DEBUG_INFORMATION_FORMAT = "dwarf-with-dsym";
				ENABLE_NS_ASSERTIONS = NO;
				ENABLE_STRICT_OBJC_MSGSEND = YES;
				GCC_C_LANGUAGE_STANDARD = gnu99;
				GCC_NO_COMMON_BLOCKS = YES;
				GCC_WARN_64_TO_32_BIT_CONVERSION = YES;
				GCC_WARN_ABOUT_RETURN_TYPE = YES_ERROR;
				GCC_WARN_UNDECLARED_SELECTOR = YES;
				GCC_WARN_UNINITIALIZED_AUTOS = YES_AGGRESSIVE;
				GCC_WARN_UNUSED_FUNCTION = YES;
				GCC_WARN_UNUSED_VARIABLE = YES;
				IPHONEOS_DEPLOYMENT_TARGET = 9.0;
				MTL_ENABLE_DEBUG_INFO = NO;
				SDKROOT = iphoneos;
				VALIDATE_PRODUCT = YES;
			};
			name = Release;
		};
		E7613AAD1BC65C6A0008E9D9 /* Debug */ = {
			isa = XCBuildConfiguration;
			buildSettings = {
				ASSETCATALOG_COMPILER_APPICON_NAME = AppIcon;
				INFOPLIST_FILE = "Game List/Info.plist";
				LD_RUNPATH_SEARCH_PATHS = "$(inherited) @executable_path/Frameworks";
				PRODUCT_BUNDLE_IDENTIFIER = "com.Game-List";
				PRODUCT_NAME = "$(TARGET_NAME)";
			};
			name = Debug;
		};
		E7613AAE1BC65C6A0008E9D9 /* Release */ = {
			isa = XCBuildConfiguration;
			buildSettings = {
				ASSETCATALOG_COMPILER_APPICON_NAME = AppIcon;
				INFOPLIST_FILE = "Game List/Info.plist";
				LD_RUNPATH_SEARCH_PATHS = "$(inherited) @executable_path/Frameworks";
				PRODUCT_BUNDLE_IDENTIFIER = "com.Game-List";
				PRODUCT_NAME = "$(TARGET_NAME)";
			};
			name = Release;
		};
/* End XCBuildConfiguration section */

/* Begin XCConfigurationList section */
		E7613A921BC65C6A0008E9D9 /* Build configuration list for PBXProject "Game List" */ = {
			isa = XCConfigurationList;
			buildConfigurations = (
				E7613AAA1BC65C6A0008E9D9 /* Debug */,
				E7613AAB1BC65C6A0008E9D9 /* Release */,
			);
			defaultConfigurationIsVisible = 0;
			defaultConfigurationName = Release;
		};
		E7613AAC1BC65C6A0008E9D9 /* Build configuration list for PBXNativeTarget "Game List" */ = {
			isa = XCConfigurationList;
			buildConfigurations = (
				E7613AAD1BC65C6A0008E9D9 /* Debug */,
				E7613AAE1BC65C6A0008E9D9 /* Release */,
			);
			defaultConfigurationIsVisible = 0;
			defaultConfigurationName = Release;
		};
/* End XCConfigurationList section */

/* Begin XCVersionGroup section */
		E7613AA11BC65C6A0008E9D9 /* Game_List.xcdatamodeld */ = {
			isa = XCVersionGroup;
			children = (
				E7613AA21BC65C6A0008E9D9 /* Game_List.xcdatamodel */,
			);
			currentVersion = E7613AA21BC65C6A0008E9D9 /* Game_List.xcdatamodel */;
			path = Game_List.xcdatamodeld;
			sourceTree = "<group>";
			versionGroupType = wrapper.xcdatamodel;
		};
/* End XCVersionGroup section */
	};
	rootObject = E7613A8F1BC65C6A0008E9D9 /* Project object */;
}
